// !$*UTF8*$!
{
	archiveVersion = 1;
	classes = {
	};
	objectVersion = 48;
	objects = {

/* Begin PBXBuildFile section */
		D85368E12026153B00B17322 /* AppDelegate.swift in Sources */ = {isa = PBXBuildFile; fileRef = D85368E02026153B00B17322 /* AppDelegate.swift */; };
		D85368E32026153B00B17322 /* ViewController.swift in Sources */ = {isa = PBXBuildFile; fileRef = D85368E22026153B00B17322 /* ViewController.swift */; };
		D85368E62026153B00B17322 /* Main.storyboard in Resources */ = {isa = PBXBuildFile; fileRef = D85368E42026153B00B17322 /* Main.storyboard */; };
		D85368E82026153B00B17322 /* Assets.xcassets in Resources */ = {isa = PBXBuildFile; fileRef = D85368E72026153B00B17322 /* Assets.xcassets */; };
		D85368EB2026153B00B17322 /* LaunchScreen.storyboard in Resources */ = {isa = PBXBuildFile; fileRef = D85368E92026153B00B17322 /* LaunchScreen.storyboard */; };
		D8599609202B874B0078CCE7 /* ArchitectsDaughter.ttf in Resources */ = {isa = PBXBuildFile; fileRef = D8599608202B874A0078CCE7 /* ArchitectsDaughter.ttf */; };
/* End PBXBuildFile section */

/* Begin PBXFileReference section */
		D85368DD2026153B00B17322 /* GPA_Calculator.app */ = {isa = PBXFileReference; explicitFileType = wrapper.application; includeInIndex = 0; path = GPA_Calculator.app; sourceTree = BUILT_PRODUCTS_DIR; };
		D85368E02026153B00B17322 /* AppDelegate.swift */ = {isa = PBXFileReference; lastKnownFileType = sourcecode.swift; path = AppDelegate.swift; sourceTree = "<group>"; };
		D85368E22026153B00B17322 /* ViewController.swift */ = {isa = PBXFileReference; lastKnownFileType = sourcecode.swift; path = ViewController.swift; sourceTree = "<group>"; };
		D85368E52026153B00B17322 /* Base */ = {isa = PBXFileReference; lastKnownFileType = file.storyboard; name = Base; path = Base.lproj/Main.storyboard; sourceTree = "<group>"; };
		D85368E72026153B00B17322 /* Assets.xcassets */ = {isa = PBXFileReference; lastKnownFileType = folder.assetcatalog; path = Assets.xcassets; sourceTree = "<group>"; };
		D85368EA2026153B00B17322 /* Base */ = {isa = PBXFileReference; lastKnownFileType = file.storyboard; name = Base; path = Base.lproj/LaunchScreen.storyboard; sourceTree = "<group>"; };
		D85368EC2026153B00B17322 /* Info.plist */ = {isa = PBXFileReference; lastKnownFileType = text.plist.xml; path = Info.plist; sourceTree = "<group>"; };
		D8599608202B874A0078CCE7 /* ArchitectsDaughter.ttf */ = {isa = PBXFileReference; lastKnownFileType = file; path = ArchitectsDaughter.ttf; sourceTree = "<group>"; };
/* End PBXFileReference section */

/* Begin PBXFrameworksBuildPhase section */
		D85368DA2026153B00B17322 /* Frameworks */ = {
			isa = PBXFrameworksBuildPhase;
			buildActionMask = 2147483647;
			files = (
			);
			runOnlyForDeploymentPostprocessing = 0;
		};
/* End PBXFrameworksBuildPhase section */

/* Begin PBXGroup section */
		D85368D42026153B00B17322 = {
			isa = PBXGroup;
			children = (
				D85368DF2026153B00B17322 /* GPA_Calculator */,
				D85368DE2026153B00B17322 /* Products */,
			);
			sourceTree = "<group>";
		};
		D85368DE2026153B00B17322 /* Products */ = {
			isa = PBXGroup;
			children = (
				D85368DD2026153B00B17322 /* GPA_Calculator.app */,
			);
			name = Products;
			sourceTree = "<group>";
		};
		D85368DF2026153B00B17322 /* GPA_Calculator */ = {
			isa = PBXGroup;
			children = (
				D8599601202B80360078CCE7 /* Fonts */,
				D85368E02026153B00B17322 /* AppDelegate.swift */,
				D85368E22026153B00B17322 /* ViewController.swift */,
				D85368E42026153B00B17322 /* Main.storyboard */,
				D85368E72026153B00B17322 /* Assets.xcassets */,
				D85368E92026153B00B17322 /* LaunchScreen.storyboard */,
				D85368EC2026153B00B17322 /* Info.plist */,
			);
			path = GPA_Calculator;
			sourceTree = "<group>";
		};
		D8599601202B80360078CCE7 /* Fonts */ = {
			isa = PBXGroup;
			children = (
				D8599608202B874A0078CCE7 /* ArchitectsDaughter.ttf */,
			);
			path = Fonts;
			sourceTree = "<group>";
		};
/* End PBXGroup section */

/* Begin PBXNativeTarget section */
		D85368DC2026153B00B17322 /* GPA_Calculator */ = {
			isa = PBXNativeTarget;
			buildConfigurationList = D85368EF2026153B00B17322 /* Build configuration list for PBXNativeTarget "GPA_Calculator" */;
			buildPhases = (
				D85368D92026153B00B17322 /* Sources */,
				D85368DA2026153B00B17322 /* Frameworks */,
				D85368DB2026153B00B17322 /* Resources */,
			);
			buildRules = (
			);
			dependencies = (
			);
			name = GPA_Calculator;
			productName = GPA_Calculator;
			productReference = D85368DD2026153B00B17322 /* GPA_Calculator.app */;
			productType = "com.apple.product-type.application";
		};
/* End PBXNativeTarget section */

/* Begin PBXProject section */
		D85368D52026153B00B17322 /* Project object */ = {
			isa = PBXProject;
			attributes = {
				LastSwiftUpdateCheck = 0920;
				LastUpgradeCheck = 0920;
				ORGANIZATIONNAME = "Joe Hoang";
				TargetAttributes = {
					D85368DC2026153B00B17322 = {
						CreatedOnToolsVersion = 9.2;
						ProvisioningStyle = Automatic;
					};
				};
			};
			buildConfigurationList = D85368D82026153B00B17322 /* Build configuration list for PBXProject "GPA_Calculator" */;
			compatibilityVersion = "Xcode 8.0";
			developmentRegion = en;
			hasScannedForEncodings = 0;
			knownRegions = (
				en,
				Base,
			);
			mainGroup = D85368D42026153B00B17322;
			productRefGroup = D85368DE2026153B00B17322 /* Products */;
			projectDirPath = "";
			projectRoot = "";
			targets = (
				D85368DC2026153B00B17322 /* GPA_Calculator */,
			);
		};
/* End PBXProject section */

/* Begin PBXResourcesBuildPhase section */
		D85368DB2026153B00B17322 /* Resources */ = {
			isa = PBXResourcesBuildPhase;
			buildActionMask = 2147483647;
			files = (
				D85368EB2026153B00B17322 /* LaunchScreen.storyboard in Resources */,
				D8599609202B874B0078CCE7 /* ArchitectsDaughter.ttf in Resources */,
				D85368E82026153B00B17322 /* Assets.xcassets in Resources */,
				D85368E62026153B00B17322 /* Main.storyboard in Resources */,
			);
			runOnlyForDeploymentPostprocessing = 0;
		};
/* End PBXResourcesBuildPhase section */

/* Begin PBXSourcesBuildPhase section */
		D85368D92026153B00B17322 /* Sources */ = {
			isa = PBXSourcesBuildPhase;
			buildActionMask = 2147483647;
			files = (
				D85368E32026153B00B17322 /* ViewController.swift in Sources */,
				D85368E12026153B00B17322 /* AppDelegate.swift in Sources */,
			);
			runOnlyForDeploymentPostprocessing = 0;
		};
/* End PBXSourcesBuildPhase section */

/* Begin PBXVariantGroup section */
		D85368E42026153B00B17322 /* Main.storyboard */ = {
			isa = PBXVariantGroup;
			children = (
				D85368E52026153B00B17322 /* Base */,
			);
			name = Main.storyboard;
			sourceTree = "<group>";
		};
		D85368E92026153B00B17322 /* LaunchScreen.storyboard */ = {
			isa = PBXVariantGroup;
			children = (
				D85368EA2026153B00B17322 /* Base */,
			);
			name = LaunchScreen.storyboard;
			sourceTree = "<group>";
		};
/* End PBXVariantGroup section */

/* Begin XCBuildConfiguration section */
		D85368ED2026153B00B17322 /* Debug */ = {
			isa = XCBuildConfiguration;
			buildSettings = {
				ALWAYS_SEARCH_USER_PATHS = NO;
				CLANG_ANALYZER_NONNULL = YES;
				CLANG_ANALYZER_NUMBER_OBJECT_CONVERSION = YES_AGGRESSIVE;
				CLANG_CXX_LANGUAGE_STANDARD = "gnu++14";
				CLANG_CXX_LIBRARY = "libc++";
				CLANG_ENABLE_MODULES = YES;
				CLANG_ENABLE_OBJC_ARC = YES;
				CLANG_WARN_BLOCK_CAPTURE_AUTORELEASING = YES;
				CLANG_WARN_BOOL_CONVERSION = YES;
				CLANG_WARN_COMMA = YES;
				CLANG_WARN_CONSTANT_CONVERSION = YES;
				CLANG_WARN_DIRECT_OBJC_ISA_USAGE = YES_ERROR;
				CLANG_WARN_DOCUMENTATION_COMMENTS = YES;
				CLANG_WARN_EMPTY_BODY = YES;
				CLANG_WARN_ENUM_CONVERSION = YES;
				CLANG_WARN_INFINITE_RECURSION = YES;
				CLANG_WARN_INT_CONVERSION = YES;
				CLANG_WARN_NON_LITERAL_NULL_CONVERSION = YES;
				CLANG_WARN_OBJC_LITERAL_CONVERSION = YES;
				CLANG_WARN_OBJC_ROOT_CLASS = YES_ERROR;
				CLANG_WARN_RANGE_LOOP_ANALYSIS = YES;
				CLANG_WARN_STRICT_PROTOTYPES = YES;
				CLANG_WARN_SUSPICIOUS_MOVE = YES;
				CLANG_WARN_UNGUARDED_AVAILABILITY = YES_AGGRESSIVE;
				CLANG_WARN_UNREACHABLE_CODE = YES;
				CLANG_WARN__DUPLICATE_METHOD_MATCH = YES;
				CODE_SIGN_IDENTITY = "iPhone Developer";
				COPY_PHASE_STRIP = NO;
				DEBUG_INFORMATION_FORMAT = dwarf;
				ENABLE_STRICT_OBJC_MSGSEND = YES;
				ENABLE_TESTABILITY = YES;
				GCC_C_LANGUAGE_STANDARD = gnu11;
				GCC_DYNAMIC_NO_PIC = NO;
				GCC_NO_COMMON_BLOCKS = YES;
				GCC_OPTIMIZATION_LEVEL = 0;
				GCC_PREPROCESSOR_DEFINITIONS = (
					"DEBUG=1",
					"$(inherited)",
				);
				GCC_WARN_64_TO_32_BIT_CONVERSION = YES;
				GCC_WARN_ABOUT_RETURN_TYPE = YES_ERROR;
				GCC_WARN_UNDECLARED_SELECTOR = YES;
				GCC_WARN_UNINITIALIZED_AUTOS = YES_AGGRESSIVE;
				GCC_WARN_UNUSED_FUNCTION = YES;
				GCC_WARN_UNUSED_VARIABLE = YES;
				IPHONEOS_DEPLOYMENT_TARGET = 11.2;
				MTL_ENABLE_DEBUG_INFO = YES;
				ONLY_ACTIVE_ARCH = YES;
				SDKROOT = iphoneos;
				SWIFT_ACTIVE_COMPILATION_CONDITIONS = DEBUG;
				SWIFT_OPTIMIZATION_LEVEL = "-Onone";
			};
			name = Debug;
		};
		D85368EE2026153B00B17322 /* Release */ = {
			isa = XCBuildConfiguration;
			buildSettings = {
				ALWAYS_SEARCH_USER_PATHS = NO;
				CLANG_ANALYZER_NONNULL = YES;
				CLANG_ANALYZER_NUMBER_OBJECT_CONVERSION = YES_AGGRESSIVE;
				CLANG_CXX_LANGUAGE_STANDARD = "gnu++14";
				CLANG_CXX_LIBRARY = "libc++";
				CLANG_ENABLE_MODULES = YES;
				CLANG_ENABLE_OBJC_ARC = YES;
				CLANG_WARN_BLOCK_CAPTURE_AUTORELEASING = YES;
				CLANG_WARN_BOOL_CONVERSION = YES;
				CLANG_WARN_COMMA = YES;
				CLANG_WARN_CONSTANT_CONVERSION = YES;
				CLANG_WARN_DIRECT_OBJC_ISA_USAGE = YES_ERROR;
				CLANG_WARN_DOCUMENTATION_COMMENTS = YES;
				CLANG_WARN_EMPTY_BODY = YES;
				CLANG_WARN_ENUM_CONVERSION = YES;
				CLANG_WARN_INFINITE_RECURSION = YES;
				CLANG_WARN_INT_CONVERSION = YES;
				CLANG_WARN_NON_LITERAL_NULL_CONVERSION = YES;
				CLANG_WARN_OBJC_LITERAL_CONVERSION = YES;
				CLANG_WARN_OBJC_ROOT_CLASS = YES_ERROR;
				CLANG_WARN_RANGE_LOOP_ANALYSIS = YES;
				CLANG_WARN_STRICT_PROTOTYPES = YES;
				CLANG_WARN_SUSPICIOUS_MOVE = YES;
				CLANG_WARN_UNGUARDED_AVAILABILITY = YES_AGGRESSIVE;
				CLANG_WARN_UNREACHABLE_CODE = YES;
				CLANG_WARN__DUPLICATE_METHOD_MATCH = YES;
				CODE_SIGN_IDENTITY = "iPhone Developer";
				COPY_PHASE_STRIP = NO;
				DEBUG_INFORMATION_FORMAT = "dwarf-with-dsym";
				ENABLE_NS_ASSERTIONS = NO;
				ENABLE_STRICT_OBJC_MSGSEND = YES;
				GCC_C_LANGUAGE_STANDARD = gnu11;
				GCC_NO_COMMON_BLOCKS = YES;
				GCC_WARN_64_TO_32_BIT_CONVERSION = YES;
				GCC_WARN_ABOUT_RETURN_TYPE = YES_ERROR;
				GCC_WARN_UNDECLARED_SELECTOR = YES;
				GCC_WARN_UNINITIALIZED_AUTOS = YES_AGGRESSIVE;
				GCC_WARN_UNUSED_FUNCTION = YES;
				GCC_WARN_UNUSED_VARIABLE = YES;
				IPHONEOS_DEPLOYMENT_TARGET = 11.2;
				MTL_ENABLE_DEBUG_INFO = NO;
				SDKROOT = iphoneos;
				SWIFT_OPTIMIZATION_LEVEL = "-Owholemodule";
				VALIDATE_PRODUCT = YES;
			};
			name = Release;
		};
		D85368F02026153B00B17322 /* Debug */ = {
			isa = XCBuildConfiguration;
			buildSettings = {
				ASSETCATALOG_COMPILER_APPICON_NAME = AppIcon;
				CODE_SIGN_STYLE = Automatic;
				DEVELOPMENT_TEAM = 8B4QBLLSCD;
				INFOPLIST_FILE = GPA_Calculator/Info.plist;
				LD_RUNPATH_SEARCH_PATHS = "$(inherited) @executable_path/Frameworks";
				PRODUCT_BUNDLE_IDENTIFIER = "com.vcu.GPA-Calculator";
				PRODUCT_NAME = "$(TARGET_NAME)";
				SWIFT_VERSION = 4.0;
				TARGETED_DEVICE_FAMILY = "1,2";
			};
			name = Debug;
		};
		D85368F12026153B00B17322 /* Release */ = {
			isa = XCBuildConfiguration;
			buildSettings = {
				ASSETCATALOG_COMPILER_APPICON_NAME = AppIcon;
				CODE_SIGN_STYLE = Automatic;
				DEVELOPMENT_TEAM = 8B4QBLLSCD;
				INFOPLIST_FILE = GPA_Calculator/Info.plist;
				LD_RUNPATH_SEARCH_PATHS = "$(inherited) @executable_path/Frameworks";
				PRODUCT_BUNDLE_IDENTIFIER = "com.vcu.GPA-Calculator";
				PRODUCT_NAME = "$(TARGET_NAME)";
				SWIFT_VERSION = 4.0;
				TARGETED_DEVICE_FAMILY = "1,2";
			};
			name = Release;
		};
/* End XCBuildConfiguration section */

/* Begin XCConfigurationList section */
		D85368D82026153B00B17322 /* Build configuration list for PBXProject "GPA_Calculator" */ = {
			isa = XCConfigurationList;
			buildConfigurations = (
				D85368ED2026153B00B17322 /* Debug */,
				D85368EE2026153B00B17322 /* Release */,
			);
			defaultConfigurationIsVisible = 0;
			defaultConfigurationName = Release;
		};
		D85368EF2026153B00B17322 /* Build configuration list for PBXNativeTarget "GPA_Calculator" */ = {
			isa = XCConfigurationList;
			buildConfigurations = (
				D85368F02026153B00B17322 /* Debug */,
				D85368F12026153B00B17322 /* Release */,
			);
			defaultConfigurationIsVisible = 0;
			defaultConfigurationName = Release;
		};
/* End XCConfigurationList section */
	};
	rootObject = D85368D52026153B00B17322 /* Project object */;
}
